
Microsoft Visual Studio Solution File, Format Version 12.00
# Visual Studio Version 17
VisualStudioVersion = 17.8.34525.116
MinimumVisualStudioVersion = 10.0.40219.1
Project("{FAE04EC0-301F-11D3-BF4B-00C04F79EFBC}") = "Unhide", "Unhide.csproj", "{9EA2D3EE-F08F-4458-A0DD-5BEBC5F46152}"
EndProject
Global
	GlobalSection(SolutionConfigurationPlatforms) = preSolution
		Debug|Any CPU = Debug|Any CPU
		Release|Any CPU = Release|Any CPU
	EndGlobalSection
	GlobalSection(ProjectConfigurationPlatforms) = postSolution
		{9EA2D3EE-F08F-4458-A0DD-5BEBC5F46152}.Debug|Any CPU.ActiveCfg = Debug|Any CPU
		{9EA2D3EE-F08F-4458-A0DD-5BEBC5F46152}.Debug|Any CPU.Build.0 = Debug|Any CPU
		{9EA2D3EE-F08F-4458-A0DD-5BEBC5F46152}.Release|Any CPU.ActiveCfg = Release|Any CPU
		{9EA2D3EE-F08F-4458-A0DD-5BEBC5F46152}.Release|Any CPU.Build.0 = Release|Any CPU
	EndGlobalSection
	GlobalSection(SolutionProperties) = preSolution
		HideSolutionNode = FALSE
	EndGlobalSection
	GlobalSection(ExtensibilityGlobals) = postSolution
		SolutionGuid = {011CF079-8D57-4038-99B4-5EBE3E66252F}
	EndGlobalSection
EndGlobal
